
Microsoft Visual Studio Solution File, Format Version 12.00
# Visual Studio Version 16
VisualStudioVersion = 16.0.31129.286
MinimumVisualStudioVersion = 10.0.40219.1
Project("{FAE04EC0-301F-11D3-BF4B-00C04F79EFBC}") = "WebApplication1", "WebApplication1\WebApplication1.csproj", "{E61187EF-6997-46F9-9061-68296B2657DD}"
EndProject
Global
	GlobalSection(SolutionConfigurationPlatforms) = preSolution
		Debug|Any CPU = Debug|Any CPU
		Release|Any CPU = Release|Any CPU
	EndGlobalSection
	GlobalSection(ProjectConfigurationPlatforms) = postSolution
		{E61187EF-6997-46F9-9061-68296B2657DD}.Debug|Any CPU.ActiveCfg = Debug|Any CPU
		{E61187EF-6997-46F9-9061-68296B2657DD}.Debug|Any CPU.Build.0 = Debug|Any CPU
		{E61187EF-6997-46F9-9061-68296B2657DD}.Release|Any CPU.ActiveCfg = Release|Any CPU
		{E61187EF-6997-46F9-9061-68296B2657DD}.Release|Any CPU.Build.0 = Release|Any CPU
	EndGlobalSection
	GlobalSection(SolutionProperties) = preSolution
		HideSolutionNode = FALSE
	EndGlobalSection
	GlobalSection(ExtensibilityGlobals) = postSolution
		SolutionGuid = {26923BC6-2582-43F6-9C98-0B59F994E030}
	EndGlobalSection
EndGlobal
